// !$*UTF8*$!
{
	archiveVersion = 1;
	classes = {
	};
	objectVersion = 56;
	objects = {

/* Begin PBXBuildFile section */
		7B012200299A52DB00D72245 /* MainViewController.swift in Sources */ = {isa = PBXBuildFile; fileRef = 7B0121FF299A52DB00D72245 /* MainViewController.swift */; };
		7B012204299B61D200D72245 /* GithubCommitsConfig.swift in Sources */ = {isa = PBXBuildFile; fileRef = 7B012203299B61D200D72245 /* GithubCommitsConfig.swift */; };
		7B49B15429977C4100EFD4D7 /* GithubConfig.swift in Sources */ = {isa = PBXBuildFile; fileRef = 7B49B15329977C4100EFD4D7 /* GithubConfig.swift */; };
		7BA4856C299F199F009BA679 /* UIImageView+extension.swift in Sources */ = {isa = PBXBuildFile; fileRef = 7BA4856B299F199F009BA679 /* UIImageView+extension.swift */; };
		7BA4856F299F2528009BA679 /* Cache.swift in Sources */ = {isa = PBXBuildFile; fileRef = 7BA4856E299F2528009BA679 /* Cache.swift */; };
		7BC7305F298E7C10002DA095 /* AppDelegate.swift in Sources */ = {isa = PBXBuildFile; fileRef = 7BC7305E298E7C10002DA095 /* AppDelegate.swift */; };
		7BC73061298E7C10002DA095 /* SceneDelegate.swift in Sources */ = {isa = PBXBuildFile; fileRef = 7BC73060298E7C10002DA095 /* SceneDelegate.swift */; };
		7BC73063298E7C10002DA095 /* LoginViewController.swift in Sources */ = {isa = PBXBuildFile; fileRef = 7BC73062298E7C10002DA095 /* LoginViewController.swift */; };
		7BC73068298E7C11002DA095 /* Assets.xcassets in Resources */ = {isa = PBXBuildFile; fileRef = 7BC73067298E7C11002DA095 /* Assets.xcassets */; };
		7BC7306B298E7C11002DA095 /* LaunchScreen.storyboard in Resources */ = {isa = PBXBuildFile; fileRef = 7BC73069298E7C11002DA095 /* LaunchScreen.storyboard */; };
		7BC7307C298F8308002DA095 /* GithubAPIManager.swift in Sources */ = {isa = PBXBuildFile; fileRef = 7BC7307B298F8308002DA095 /* GithubAPIManager.swift */; };
/* End PBXBuildFile section */

/* Begin PBXFileReference section */
		7B0121FF299A52DB00D72245 /* MainViewController.swift */ = {isa = PBXFileReference; lastKnownFileType = sourcecode.swift; path = MainViewController.swift; sourceTree = "<group>"; };
		7B012203299B61D200D72245 /* GithubCommitsConfig.swift */ = {isa = PBXFileReference; lastKnownFileType = sourcecode.swift; path = GithubCommitsConfig.swift; sourceTree = "<group>"; };
		7B49B15329977C4100EFD4D7 /* GithubConfig.swift */ = {isa = PBXFileReference; lastKnownFileType = sourcecode.swift; path = GithubConfig.swift; sourceTree = "<group>"; };
		7BA4856B299F199F009BA679 /* UIImageView+extension.swift */ = {isa = PBXFileReference; lastKnownFileType = sourcecode.swift; path = "UIImageView+extension.swift"; sourceTree = "<group>"; };
		7BA4856E299F2528009BA679 /* Cache.swift */ = {isa = PBXFileReference; lastKnownFileType = sourcecode.swift; path = Cache.swift; sourceTree = "<group>"; };
		7BC7305B298E7C10002DA095 /* CommitKing.app */ = {isa = PBXFileReference; explicitFileType = wrapper.application; includeInIndex = 0; path = CommitKing.app; sourceTree = BUILT_PRODUCTS_DIR; };
		7BC7305E298E7C10002DA095 /* AppDelegate.swift */ = {isa = PBXFileReference; lastKnownFileType = sourcecode.swift; path = AppDelegate.swift; sourceTree = "<group>"; };
		7BC73060298E7C10002DA095 /* SceneDelegate.swift */ = {isa = PBXFileReference; lastKnownFileType = sourcecode.swift; path = SceneDelegate.swift; sourceTree = "<group>"; };
		7BC73062298E7C10002DA095 /* LoginViewController.swift */ = {isa = PBXFileReference; lastKnownFileType = sourcecode.swift; path = LoginViewController.swift; sourceTree = "<group>"; };
		7BC73067298E7C11002DA095 /* Assets.xcassets */ = {isa = PBXFileReference; lastKnownFileType = folder.assetcatalog; path = Assets.xcassets; sourceTree = "<group>"; };
		7BC7306A298E7C11002DA095 /* Base */ = {isa = PBXFileReference; lastKnownFileType = file.storyboard; name = Base; path = Base.lproj/LaunchScreen.storyboard; sourceTree = "<group>"; };
		7BC7306C298E7C11002DA095 /* Info.plist */ = {isa = PBXFileReference; lastKnownFileType = text.plist.xml; path = Info.plist; sourceTree = "<group>"; };
		7BC7307B298F8308002DA095 /* GithubAPIManager.swift */ = {isa = PBXFileReference; lastKnownFileType = sourcecode.swift; path = GithubAPIManager.swift; sourceTree = "<group>"; };
/* End PBXFileReference section */

/* Begin PBXFrameworksBuildPhase section */
		7BC73058298E7C10002DA095 /* Frameworks */ = {
			isa = PBXFrameworksBuildPhase;
			buildActionMask = 2147483647;
			files = (
			);
			runOnlyForDeploymentPostprocessing = 0;
		};
/* End PBXFrameworksBuildPhase section */

/* Begin PBXGroup section */
		7B012201299A530D00D72245 /* Views */ = {
			isa = PBXGroup;
			children = (
				7BC73069298E7C11002DA095 /* LaunchScreen.storyboard */,
				7BC73062298E7C10002DA095 /* LoginViewController.swift */,
				7B0121FF299A52DB00D72245 /* MainViewController.swift */,
			);
			path = Views;
			sourceTree = "<group>";
		};
		7B012202299A53D000D72245 /* Resources */ = {
			isa = PBXGroup;
			children = (
				7BC73067298E7C11002DA095 /* Assets.xcassets */,
			);
			path = Resources;
			sourceTree = "<group>";
		};
		7BA4856A299F198C009BA679 /* Extension */ = {
			isa = PBXGroup;
			children = (
				7BA4856B299F199F009BA679 /* UIImageView+extension.swift */,
			);
			path = Extension;
			sourceTree = "<group>";
		};
		7BA4856D299F2519009BA679 /* Global */ = {
			isa = PBXGroup;
			children = (
				7BA4856A299F198C009BA679 /* Extension */,
				7BA4856E299F2528009BA679 /* Cache.swift */,
			);
			path = Global;
			sourceTree = "<group>";
		};
		7BA48570299F2CCB009BA679 /* Models */ = {
			isa = PBXGroup;
			children = (
				7B49B15329977C4100EFD4D7 /* GithubConfig.swift */,
				7B012203299B61D200D72245 /* GithubCommitsConfig.swift */,
			);
			path = Models;
			sourceTree = "<group>";
		};
		7BC73052298E7C10002DA095 = {
			isa = PBXGroup;
			children = (
				7BC7305D298E7C10002DA095 /* CommitKing */,
				7BC7305C298E7C10002DA095 /* Products */,
			);
			sourceTree = "<group>";
		};
		7BC7305C298E7C10002DA095 /* Products */ = {
			isa = PBXGroup;
			children = (
				7BC7305B298E7C10002DA095 /* CommitKing.app */,
			);
			name = Products;
			sourceTree = "<group>";
		};
		7BC7305D298E7C10002DA095 /* CommitKing */ = {
			isa = PBXGroup;
			children = (
				7BA48570299F2CCB009BA679 /* Models */,
				7BA4856D299F2519009BA679 /* Global */,
				7B012202299A53D000D72245 /* Resources */,
				7B012201299A530D00D72245 /* Views */,
				7BC7305E298E7C10002DA095 /* AppDelegate.swift */,
				7BC73060298E7C10002DA095 /* SceneDelegate.swift */,
				7BC7307B298F8308002DA095 /* GithubAPIManager.swift */,
				7BC7306C298E7C11002DA095 /* Info.plist */,
			);
			path = CommitKing;
			sourceTree = "<group>";
		};
/* End PBXGroup section */

/* Begin PBXNativeTarget section */
		7BC7305A298E7C10002DA095 /* CommitKing */ = {
			isa = PBXNativeTarget;
			buildConfigurationList = 7BC7306F298E7C11002DA095 /* Build configuration list for PBXNativeTarget "CommitKing" */;
			buildPhases = (
				7BC73057298E7C10002DA095 /* Sources */,
				7BC73058298E7C10002DA095 /* Frameworks */,
				7BC73059298E7C10002DA095 /* Resources */,
			);
			buildRules = (
			);
			dependencies = (
			);
			name = CommitKing;
			productName = githubPractice;
			productReference = 7BC7305B298E7C10002DA095 /* CommitKing.app */;
			productType = "com.apple.product-type.application";
		};
/* End PBXNativeTarget section */

/* Begin PBXProject section */
		7BC73053298E7C10002DA095 /* Project object */ = {
			isa = PBXProject;
			attributes = {
				BuildIndependentTargetsInParallel = 1;
				LastSwiftUpdateCheck = 1420;
				LastUpgradeCheck = 1420;
				TargetAttributes = {
					7BC7305A298E7C10002DA095 = {
						CreatedOnToolsVersion = 14.2;
					};
				};
			};
			buildConfigurationList = 7BC73056298E7C10002DA095 /* Build configuration list for PBXProject "CommitKing" */;
			compatibilityVersion = "Xcode 14.0";
			developmentRegion = en;
			hasScannedForEncodings = 0;
			knownRegions = (
				en,
				Base,
			);
			mainGroup = 7BC73052298E7C10002DA095;
			productRefGroup = 7BC7305C298E7C10002DA095 /* Products */;
			projectDirPath = "";
			projectRoot = "";
			targets = (
				7BC7305A298E7C10002DA095 /* CommitKing */,
			);
		};
/* End PBXProject section */

/* Begin PBXResourcesBuildPhase section */
		7BC73059298E7C10002DA095 /* Resources */ = {
			isa = PBXResourcesBuildPhase;
			buildActionMask = 2147483647;
			files = (
				7BC7306B298E7C11002DA095 /* LaunchScreen.storyboard in Resources */,
				7BC73068298E7C11002DA095 /* Assets.xcassets in Resources */,
			);
			runOnlyForDeploymentPostprocessing = 0;
		};
/* End PBXResourcesBuildPhase section */

/* Begin PBXSourcesBuildPhase section */
		7BC73057298E7C10002DA095 /* Sources */ = {
			isa = PBXSourcesBuildPhase;
			buildActionMask = 2147483647;
			files = (
				7BC73063298E7C10002DA095 /* LoginViewController.swift in Sources */,
				7BA4856F299F2528009BA679 /* Cache.swift in Sources */,
				7BC7307C298F8308002DA095 /* GithubAPIManager.swift in Sources */,
				7BA4856C299F199F009BA679 /* UIImageView+extension.swift in Sources */,
				7B012204299B61D200D72245 /* GithubCommitsConfig.swift in Sources */,
				7B49B15429977C4100EFD4D7 /* GithubConfig.swift in Sources */,
				7B012200299A52DB00D72245 /* MainViewController.swift in Sources */,
				7BC7305F298E7C10002DA095 /* AppDelegate.swift in Sources */,
				7BC73061298E7C10002DA095 /* SceneDelegate.swift in Sources */,
			);
			runOnlyForDeploymentPostprocessing = 0;
		};
/* End PBXSourcesBuildPhase section */

/* Begin PBXVariantGroup section */
		7BC73069298E7C11002DA095 /* LaunchScreen.storyboard */ = {
			isa = PBXVariantGroup;
			children = (
				7BC7306A298E7C11002DA095 /* Base */,
			);
			name = LaunchScreen.storyboard;
			sourceTree = "<group>";
		};
/* End PBXVariantGroup section */

/* Begin XCBuildConfiguration section */
		7BC7306D298E7C11002DA095 /* Debug */ = {
			isa = XCBuildConfiguration;
			buildSettings = {
				ALWAYS_SEARCH_USER_PATHS = NO;
				CLANG_ANALYZER_NONNULL = YES;
				CLANG_ANALYZER_NUMBER_OBJECT_CONVERSION = YES_AGGRESSIVE;
				CLANG_CXX_LANGUAGE_STANDARD = "gnu++20";
				CLANG_ENABLE_MODULES = YES;
				CLANG_ENABLE_OBJC_ARC = YES;
				CLANG_ENABLE_OBJC_WEAK = YES;
				CLANG_WARN_BLOCK_CAPTURE_AUTORELEASING = YES;
				CLANG_WARN_BOOL_CONVERSION = YES;
				CLANG_WARN_COMMA = YES;
				CLANG_WARN_CONSTANT_CONVERSION = YES;
				CLANG_WARN_DEPRECATED_OBJC_IMPLEMENTATIONS = YES;
				CLANG_WARN_DIRECT_OBJC_ISA_USAGE = YES_ERROR;
				CLANG_WARN_DOCUMENTATION_COMMENTS = YES;
				CLANG_WARN_EMPTY_BODY = YES;
				CLANG_WARN_ENUM_CONVERSION = YES;
				CLANG_WARN_INFINITE_RECURSION = YES;
				CLANG_WARN_INT_CONVERSION = YES;
				CLANG_WARN_NON_LITERAL_NULL_CONVERSION = YES;
				CLANG_WARN_OBJC_IMPLICIT_RETAIN_SELF = YES;
				CLANG_WARN_OBJC_LITERAL_CONVERSION = YES;
				CLANG_WARN_OBJC_ROOT_CLASS = YES_ERROR;
				CLANG_WARN_QUOTED_INCLUDE_IN_FRAMEWORK_HEADER = YES;
				CLANG_WARN_RANGE_LOOP_ANALYSIS = YES;
				CLANG_WARN_STRICT_PROTOTYPES = YES;
				CLANG_WARN_SUSPICIOUS_MOVE = YES;
				CLANG_WARN_UNGUARDED_AVAILABILITY = YES_AGGRESSIVE;
				CLANG_WARN_UNREACHABLE_CODE = YES;
				CLANG_WARN__DUPLICATE_METHOD_MATCH = YES;
				COPY_PHASE_STRIP = NO;
				DEBUG_INFORMATION_FORMAT = dwarf;
				ENABLE_STRICT_OBJC_MSGSEND = YES;
				ENABLE_TESTABILITY = YES;
				GCC_C_LANGUAGE_STANDARD = gnu11;
				GCC_DYNAMIC_NO_PIC = NO;
				GCC_NO_COMMON_BLOCKS = YES;
				GCC_OPTIMIZATION_LEVEL = 0;
				GCC_PREPROCESSOR_DEFINITIONS = (
					"DEBUG=1",
					"$(inherited)",
				);
				GCC_WARN_64_TO_32_BIT_CONVERSION = YES;
				GCC_WARN_ABOUT_RETURN_TYPE = YES_ERROR;
				GCC_WARN_UNDECLARED_SELECTOR = YES;
				GCC_WARN_UNINITIALIZED_AUTOS = YES_AGGRESSIVE;
				GCC_WARN_UNUSED_FUNCTION = YES;
				GCC_WARN_UNUSED_VARIABLE = YES;
				IPHONEOS_DEPLOYMENT_TARGET = 16.0;
				MTL_ENABLE_DEBUG_INFO = INCLUDE_SOURCE;
				MTL_FAST_MATH = YES;
				ONLY_ACTIVE_ARCH = YES;
				SDKROOT = iphoneos;
				SWIFT_ACTIVE_COMPILATION_CONDITIONS = DEBUG;
				SWIFT_OPTIMIZATION_LEVEL = "-Onone";
			};
			name = Debug;
		};
		7BC7306E298E7C11002DA095 /* Release */ = {
			isa = XCBuildConfiguration;
			buildSettings = {
				ALWAYS_SEARCH_USER_PATHS = NO;
				CLANG_ANALYZER_NONNULL = YES;
				CLANG_ANALYZER_NUMBER_OBJECT_CONVERSION = YES_AGGRESSIVE;
				CLANG_CXX_LANGUAGE_STANDARD = "gnu++20";
				CLANG_ENABLE_MODULES = YES;
				CLANG_ENABLE_OBJC_ARC = YES;
				CLANG_ENABLE_OBJC_WEAK = YES;
				CLANG_WARN_BLOCK_CAPTURE_AUTORELEASING = YES;
				CLANG_WARN_BOOL_CONVERSION = YES;
				CLANG_WARN_COMMA = YES;
				CLANG_WARN_CONSTANT_CONVERSION = YES;
				CLANG_WARN_DEPRECATED_OBJC_IMPLEMENTATIONS = YES;
				CLANG_WARN_DIRECT_OBJC_ISA_USAGE = YES_ERROR;
				CLANG_WARN_DOCUMENTATION_COMMENTS = YES;
				CLANG_WARN_EMPTY_BODY = YES;
				CLANG_WARN_ENUM_CONVERSION = YES;
				CLANG_WARN_INFINITE_RECURSION = YES;
				CLANG_WARN_INT_CONVERSION = YES;
				CLANG_WARN_NON_LITERAL_NULL_CONVERSION = YES;
				CLANG_WARN_OBJC_IMPLICIT_RETAIN_SELF = YES;
				CLANG_WARN_OBJC_LITERAL_CONVERSION = YES;
				CLANG_WARN_OBJC_ROOT_CLASS = YES_ERROR;
				CLANG_WARN_QUOTED_INCLUDE_IN_FRAMEWORK_HEADER = YES;
				CLANG_WARN_RANGE_LOOP_ANALYSIS = YES;
				CLANG_WARN_STRICT_PROTOTYPES = YES;
				CLANG_WARN_SUSPICIOUS_MOVE = YES;
				CLANG_WARN_UNGUARDED_AVAILABILITY = YES_AGGRESSIVE;
				CLANG_WARN_UNREACHABLE_CODE = YES;
				CLANG_WARN__DUPLICATE_METHOD_MATCH = YES;
				COPY_PHASE_STRIP = NO;
				DEBUG_INFORMATION_FORMAT = "dwarf-with-dsym";
				ENABLE_NS_ASSERTIONS = NO;
				ENABLE_STRICT_OBJC_MSGSEND = YES;
				GCC_C_LANGUAGE_STANDARD = gnu11;
				GCC_NO_COMMON_BLOCKS = YES;
				GCC_WARN_64_TO_32_BIT_CONVERSION = YES;
				GCC_WARN_ABOUT_RETURN_TYPE = YES_ERROR;
				GCC_WARN_UNDECLARED_SELECTOR = YES;
				GCC_WARN_UNINITIALIZED_AUTOS = YES_AGGRESSIVE;
				GCC_WARN_UNUSED_FUNCTION = YES;
				GCC_WARN_UNUSED_VARIABLE = YES;
				IPHONEOS_DEPLOYMENT_TARGET = 16.0;
				MTL_ENABLE_DEBUG_INFO = NO;
				MTL_FAST_MATH = YES;
				SDKROOT = iphoneos;
				SWIFT_COMPILATION_MODE = wholemodule;
				SWIFT_OPTIMIZATION_LEVEL = "-O";
				VALIDATE_PRODUCT = YES;
			};
			name = Release;
		};
		7BC73070298E7C11002DA095 /* Debug */ = {
			isa = XCBuildConfiguration;
			buildSettings = {
				ASSETCATALOG_COMPILER_APPICON_NAME = AppIcon;
				ASSETCATALOG_COMPILER_GLOBAL_ACCENT_COLOR_NAME = AccentColor;
				CODE_SIGN_STYLE = Automatic;
				CURRENT_PROJECT_VERSION = 1;
				DEVELOPMENT_TEAM = 3WVLC7Y373;
				GENERATE_INFOPLIST_FILE = YES;
				INFOPLIST_FILE = CommitKing/Info.plist;
				INFOPLIST_KEY_UIApplicationSupportsIndirectInputEvents = YES;
				INFOPLIST_KEY_UILaunchStoryboardName = LaunchScreen;
				INFOPLIST_KEY_UIMainStoryboardFile = "";
				INFOPLIST_KEY_UIStatusBarStyle = "";
				INFOPLIST_KEY_UISupportedInterfaceOrientations_iPad = "UIInterfaceOrientationPortrait UIInterfaceOrientationPortraitUpsideDown UIInterfaceOrientationLandscapeLeft UIInterfaceOrientationLandscapeRight";
				INFOPLIST_KEY_UISupportedInterfaceOrientations_iPhone = "UIInterfaceOrientationPortrait UIInterfaceOrientationLandscapeLeft UIInterfaceOrientationLandscapeRight";
				LD_RUNPATH_SEARCH_PATHS = (
					"$(inherited)",
					"@executable_path/Frameworks",
				);
				MARKETING_VERSION = 1.0;
				PRODUCT_BUNDLE_IDENTIFIER = com.taehwan.CommitKing;
				PRODUCT_NAME = "$(TARGET_NAME)";
				SWIFT_EMIT_LOC_STRINGS = YES;
				SWIFT_VERSION = 5.0;
				TARGETED_DEVICE_FAMILY = "1,2";
			};
			name = Debug;
		};
		7BC73071298E7C11002DA095 /* Release */ = {
			isa = XCBuildConfiguration;
			buildSettings = {
				ASSETCATALOG_COMPILER_APPICON_NAME = AppIcon;
				ASSETCATALOG_COMPILER_GLOBAL_ACCENT_COLOR_NAME = AccentColor;
				CODE_SIGN_STYLE = Automatic;
				CURRENT_PROJECT_VERSION = 1;
				DEVELOPMENT_TEAM = 3WVLC7Y373;
				GENERATE_INFOPLIST_FILE = YES;
				INFOPLIST_FILE = CommitKing/Info.plist;
				INFOPLIST_KEY_UIApplicationSupportsIndirectInputEvents = YES;
				INFOPLIST_KEY_UILaunchStoryboardName = LaunchScreen;
				INFOPLIST_KEY_UIMainStoryboardFile = "";
				INFOPLIST_KEY_UIStatusBarStyle = "";
				INFOPLIST_KEY_UISupportedInterfaceOrientations_iPad = "UIInterfaceOrientationPortrait UIInterfaceOrientationPortraitUpsideDown UIInterfaceOrientationLandscapeLeft UIInterfaceOrientationLandscapeRight";
				INFOPLIST_KEY_UISupportedInterfaceOrientations_iPhone = "UIInterfaceOrientationPortrait UIInterfaceOrientationLandscapeLeft UIInterfaceOrientationLandscapeRight";
				LD_RUNPATH_SEARCH_PATHS = (
					"$(inherited)",
					"@executable_path/Frameworks",
				);
				MARKETING_VERSION = 1.0;
				PRODUCT_BUNDLE_IDENTIFIER = com.taehwan.CommitKing;
				PRODUCT_NAME = "$(TARGET_NAME)";
				SWIFT_EMIT_LOC_STRINGS = YES;
				SWIFT_VERSION = 5.0;
				TARGETED_DEVICE_FAMILY = "1,2";
			};
			name = Release;
		};
/* End XCBuildConfiguration section */

/* Begin XCConfigurationList section */
		7BC73056298E7C10002DA095 /* Build configuration list for PBXProject "CommitKing" */ = {
			isa = XCConfigurationList;
			buildConfigurations = (
				7BC7306D298E7C11002DA095 /* Debug */,
				7BC7306E298E7C11002DA095 /* Release */,
			);
			defaultConfigurationIsVisible = 0;
			defaultConfigurationName = Release;
		};
		7BC7306F298E7C11002DA095 /* Build configuration list for PBXNativeTarget "CommitKing" */ = {
			isa = XCConfigurationList;
			buildConfigurations = (
				7BC73070298E7C11002DA095 /* Debug */,
				7BC73071298E7C11002DA095 /* Release */,
			);
			defaultConfigurationIsVisible = 0;
			defaultConfigurationName = Release;
		};
/* End XCConfigurationList section */
	};
	rootObject = 7BC73053298E7C10002DA095 /* Project object */;
}
